
Microsoft Visual Studio Solution File, Format Version 12.00
# Visual Studio Version 16
VisualStudioVersion = 16.0.31729.503
MinimumVisualStudioVersion = 10.0.40219.1
Project("{8BC9CEB8-8B4A-11D0-8D11-00A0C91BC942}") = "DSA_HW1", "DSA_HW1\DSA_HW1.vcxproj", "{3380ABFD-1A7D-45C3-90FE-E222C87CB4FB}"
EndProject
Project("{8BC9CEB8-8B4A-11D0-8D11-00A0C91BC942}") = "DSA_ HW1_TESTS", "DSA_ HW1_TESTS\DSA_ HW1_TESTS.vcxproj", "{80226411-499F-4FE1-AC97-8589538173FB}"
EndProject
Global
	GlobalSection(SolutionConfigurationPlatforms) = preSolution
		Debug|x64 = Debug|x64
		Debug|x86 = Debug|x86
		Release|x64 = Release|x64
		Release|x86 = Release|x86
	EndGlobalSection
	GlobalSection(ProjectConfigurationPlatforms) = postSolution
		{3380ABFD-1A7D-45C3-90FE-E222C87CB4FB}.Debug|x64.ActiveCfg = Debug|x64
		{3380ABFD-1A7D-45C3-90FE-E222C87CB4FB}.Debug|x64.Build.0 = Debug|x64
		{3380ABFD-1A7D-45C3-90FE-E222C87CB4FB}.Debug|x86.ActiveCfg = Debug|Win32
		{3380ABFD-1A7D-45C3-90FE-E222C87CB4FB}.Debug|x86.Build.0 = Debug|Win32
		{3380ABFD-1A7D-45C3-90FE-E222C87CB4FB}.Release|x64.ActiveCfg = Release|x64
		{3380ABFD-1A7D-45C3-90FE-E222C87CB4FB}.Release|x64.Build.0 = Release|x64
		{3380ABFD-1A7D-45C3-90FE-E222C87CB4FB}.Release|x86.ActiveCfg = Release|Win32
		{3380ABFD-1A7D-45C3-90FE-E222C87CB4FB}.Release|x86.Build.0 = Release|Win32
		{80226411-499F-4FE1-AC97-8589538173FB}.Debug|x64.ActiveCfg = Debug|x64
		{80226411-499F-4FE1-AC97-8589538173FB}.Debug|x64.Build.0 = Debug|x64
		{80226411-499F-4FE1-AC97-8589538173FB}.Debug|x86.ActiveCfg = Debug|Win32
		{80226411-499F-4FE1-AC97-8589538173FB}.Debug|x86.Build.0 = Debug|Win32
		{80226411-499F-4FE1-AC97-8589538173FB}.Release|x64.ActiveCfg = Release|x64
		{80226411-499F-4FE1-AC97-8589538173FB}.Release|x64.Build.0 = Release|x64
		{80226411-499F-4FE1-AC97-8589538173FB}.Release|x86.ActiveCfg = Release|Win32
		{80226411-499F-4FE1-AC97-8589538173FB}.Release|x86.Build.0 = Release|Win32
	EndGlobalSection
	GlobalSection(SolutionProperties) = preSolution
		HideSolutionNode = FALSE
	EndGlobalSection
	GlobalSection(ExtensibilityGlobals) = postSolution
		SolutionGuid = {21B7AD1E-78CB-4C86-A5F1-C1D82CA1A538}
	EndGlobalSection
EndGlobal
